
Microsoft Visual Studio Solution File, Format Version 12.00
# Visual Studio Version 16
VisualStudioVersion = 16.0.810.9
MinimumVisualStudioVersion = 10.0.40219.1
Project("{FAE04EC0-301F-11D3-BF4B-00C04F79EFBC}") = "TMS.Kunina.Data", "TMS.Kunina.Data\TMS.Kunina.Data.csproj", "{D69FDE21-3958-4D2C-8451-221D032920DC}"
EndProject
Project("{FAE04EC0-301F-11D3-BF4B-00C04F79EFBC}") = "TMS.Kunina.Logic", "TMS.Kunina.Logic\TMS.Kunina.Logic.csproj", "{55FC7B6C-F899-4B52-B386-5CE793832EA8}"
EndProject
Project("{FAE04EC0-301F-11D3-BF4B-00C04F79EFBC}") = "TMS.Kunina.Ui", "TMS.Kunina.Ui\TMS.Kunina.Ui.csproj", "{3F5602BB-ACD6-4F04-A5E5-1A990359564F}"
EndProject
Global
	GlobalSection(SolutionConfigurationPlatforms) = preSolution
		Debug|Any CPU = Debug|Any CPU
		Release|Any CPU = Release|Any CPU
	EndGlobalSection
	GlobalSection(ProjectConfigurationPlatforms) = postSolution
		{D69FDE21-3958-4D2C-8451-221D032920DC}.Debug|Any CPU.ActiveCfg = Debug|Any CPU
		{D69FDE21-3958-4D2C-8451-221D032920DC}.Debug|Any CPU.Build.0 = Debug|Any CPU
		{D69FDE21-3958-4D2C-8451-221D032920DC}.Release|Any CPU.ActiveCfg = Release|Any CPU
		{D69FDE21-3958-4D2C-8451-221D032920DC}.Release|Any CPU.Build.0 = Release|Any CPU
		{55FC7B6C-F899-4B52-B386-5CE793832EA8}.Debug|Any CPU.ActiveCfg = Debug|Any CPU
		{55FC7B6C-F899-4B52-B386-5CE793832EA8}.Debug|Any CPU.Build.0 = Debug|Any CPU
		{55FC7B6C-F899-4B52-B386-5CE793832EA8}.Release|Any CPU.ActiveCfg = Release|Any CPU
		{55FC7B6C-F899-4B52-B386-5CE793832EA8}.Release|Any CPU.Build.0 = Release|Any CPU
		{3F5602BB-ACD6-4F04-A5E5-1A990359564F}.Debug|Any CPU.ActiveCfg = Debug|Any CPU
		{3F5602BB-ACD6-4F04-A5E5-1A990359564F}.Debug|Any CPU.Build.0 = Debug|Any CPU
		{3F5602BB-ACD6-4F04-A5E5-1A990359564F}.Release|Any CPU.ActiveCfg = Release|Any CPU
		{3F5602BB-ACD6-4F04-A5E5-1A990359564F}.Release|Any CPU.Build.0 = Release|Any CPU
	EndGlobalSection
	GlobalSection(SolutionProperties) = preSolution
		HideSolutionNode = FALSE
	EndGlobalSection
	GlobalSection(ExtensibilityGlobals) = postSolution
		SolutionGuid = {E4FB62DB-5C38-444D-9488-92C67CBF3C57}
	EndGlobalSection
EndGlobal
